
Microsoft Visual Studio Solution File, Format Version 12.00
# Visual Studio Version 16
VisualStudioVersion = 16.0.29709.97
MinimumVisualStudioVersion = 15.0.26124.0
Project("{9A19103F-16F7-4668-BE54-9A1E7A4F7556}") = "Domain", "Domain\Domain.csproj", "{013789F9-E8AA-4F23-9ABB-C66FC2609760}"
EndProject
Project("{9A19103F-16F7-4668-BE54-9A1E7A4F7556}") = "Application", "Application\Application.csproj", "{F978FC1F-F00B-4F7F-A1D5-89E04CD673F5}"
EndProject
Project("{9A19103F-16F7-4668-BE54-9A1E7A4F7556}") = "Persistance", "Persistance\Persistance.csproj", "{D624F150-52CF-470C-9C89-B5495BFF365F}"
EndProject
Project("{9A19103F-16F7-4668-BE54-9A1E7A4F7556}") = "Api", "Api\Api.csproj", "{7E5C808A-88BC-4736-AF96-14A2B43E26D5}"
EndProject
Global
	GlobalSection(SolutionConfigurationPlatforms) = preSolution
		Debug|Any CPU = Debug|Any CPU
		Debug|x64 = Debug|x64
		Debug|x86 = Debug|x86
		Release|Any CPU = Release|Any CPU
		Release|x64 = Release|x64
		Release|x86 = Release|x86
	EndGlobalSection
	GlobalSection(ProjectConfigurationPlatforms) = postSolution
		{013789F9-E8AA-4F23-9ABB-C66FC2609760}.Debug|Any CPU.ActiveCfg = Debug|Any CPU
		{013789F9-E8AA-4F23-9ABB-C66FC2609760}.Debug|Any CPU.Build.0 = Debug|Any CPU
		{013789F9-E8AA-4F23-9ABB-C66FC2609760}.Debug|x64.ActiveCfg = Debug|Any CPU
		{013789F9-E8AA-4F23-9ABB-C66FC2609760}.Debug|x64.Build.0 = Debug|Any CPU
		{013789F9-E8AA-4F23-9ABB-C66FC2609760}.Debug|x86.ActiveCfg = Debug|Any CPU
		{013789F9-E8AA-4F23-9ABB-C66FC2609760}.Debug|x86.Build.0 = Debug|Any CPU
		{013789F9-E8AA-4F23-9ABB-C66FC2609760}.Release|Any CPU.ActiveCfg = Release|Any CPU
		{013789F9-E8AA-4F23-9ABB-C66FC2609760}.Release|Any CPU.Build.0 = Release|Any CPU
		{013789F9-E8AA-4F23-9ABB-C66FC2609760}.Release|x64.ActiveCfg = Release|Any CPU
		{013789F9-E8AA-4F23-9ABB-C66FC2609760}.Release|x64.Build.0 = Release|Any CPU
		{013789F9-E8AA-4F23-9ABB-C66FC2609760}.Release|x86.ActiveCfg = Release|Any CPU
		{013789F9-E8AA-4F23-9ABB-C66FC2609760}.Release|x86.Build.0 = Release|Any CPU
		{F978FC1F-F00B-4F7F-A1D5-89E04CD673F5}.Debug|Any CPU.ActiveCfg = Debug|Any CPU
		{F978FC1F-F00B-4F7F-A1D5-89E04CD673F5}.Debug|Any CPU.Build.0 = Debug|Any CPU
		{F978FC1F-F00B-4F7F-A1D5-89E04CD673F5}.Debug|x64.ActiveCfg = Debug|Any CPU
		{F978FC1F-F00B-4F7F-A1D5-89E04CD673F5}.Debug|x64.Build.0 = Debug|Any CPU
		{F978FC1F-F00B-4F7F-A1D5-89E04CD673F5}.Debug|x86.ActiveCfg = Debug|Any CPU
		{F978FC1F-F00B-4F7F-A1D5-89E04CD673F5}.Debug|x86.Build.0 = Debug|Any CPU
		{F978FC1F-F00B-4F7F-A1D5-89E04CD673F5}.Release|Any CPU.ActiveCfg = Release|Any CPU
		{F978FC1F-F00B-4F7F-A1D5-89E04CD673F5}.Release|Any CPU.Build.0 = Release|Any CPU
		{F978FC1F-F00B-4F7F-A1D5-89E04CD673F5}.Release|x64.ActiveCfg = Release|Any CPU
		{F978FC1F-F00B-4F7F-A1D5-89E04CD673F5}.Release|x64.Build.0 = Release|Any CPU
		{F978FC1F-F00B-4F7F-A1D5-89E04CD673F5}.Release|x86.ActiveCfg = Release|Any CPU
		{F978FC1F-F00B-4F7F-A1D5-89E04CD673F5}.Release|x86.Build.0 = Release|Any CPU
		{D624F150-52CF-470C-9C89-B5495BFF365F}.Debug|Any CPU.ActiveCfg = Debug|Any CPU
		{D624F150-52CF-470C-9C89-B5495BFF365F}.Debug|Any CPU.Build.0 = Debug|Any CPU
		{D624F150-52CF-470C-9C89-B5495BFF365F}.Debug|x64.ActiveCfg = Debug|Any CPU
		{D624F150-52CF-470C-9C89-B5495BFF365F}.Debug|x64.Build.0 = Debug|Any CPU
		{D624F150-52CF-470C-9C89-B5495BFF365F}.Debug|x86.ActiveCfg = Debug|Any CPU
		{D624F150-52CF-470C-9C89-B5495BFF365F}.Debug|x86.Build.0 = Debug|Any CPU
		{D624F150-52CF-470C-9C89-B5495BFF365F}.Release|Any CPU.ActiveCfg = Release|Any CPU
		{D624F150-52CF-470C-9C89-B5495BFF365F}.Release|Any CPU.Build.0 = Release|Any CPU
		{D624F150-52CF-470C-9C89-B5495BFF365F}.Release|x64.ActiveCfg = Release|Any CPU
		{D624F150-52CF-470C-9C89-B5495BFF365F}.Release|x64.Build.0 = Release|Any CPU
		{D624F150-52CF-470C-9C89-B5495BFF365F}.Release|x86.ActiveCfg = Release|Any CPU
		{D624F150-52CF-470C-9C89-B5495BFF365F}.Release|x86.Build.0 = Release|Any CPU
		{7E5C808A-88BC-4736-AF96-14A2B43E26D5}.Debug|Any CPU.ActiveCfg = Debug|Any CPU
		{7E5C808A-88BC-4736-AF96-14A2B43E26D5}.Debug|Any CPU.Build.0 = Debug|Any CPU
		{7E5C808A-88BC-4736-AF96-14A2B43E26D5}.Debug|x64.ActiveCfg = Debug|Any CPU
		{7E5C808A-88BC-4736-AF96-14A2B43E26D5}.Debug|x64.Build.0 = Debug|Any CPU
		{7E5C808A-88BC-4736-AF96-14A2B43E26D5}.Debug|x86.ActiveCfg = Debug|Any CPU
		{7E5C808A-88BC-4736-AF96-14A2B43E26D5}.Debug|x86.Build.0 = Debug|Any CPU
		{7E5C808A-88BC-4736-AF96-14A2B43E26D5}.Release|Any CPU.ActiveCfg = Release|Any CPU
		{7E5C808A-88BC-4736-AF96-14A2B43E26D5}.Release|Any CPU.Build.0 = Release|Any CPU
		{7E5C808A-88BC-4736-AF96-14A2B43E26D5}.Release|x64.ActiveCfg = Release|Any CPU
		{7E5C808A-88BC-4736-AF96-14A2B43E26D5}.Release|x64.Build.0 = Release|Any CPU
		{7E5C808A-88BC-4736-AF96-14A2B43E26D5}.Release|x86.ActiveCfg = Release|Any CPU
		{7E5C808A-88BC-4736-AF96-14A2B43E26D5}.Release|x86.Build.0 = Release|Any CPU
	EndGlobalSection
	GlobalSection(SolutionProperties) = preSolution
		HideSolutionNode = FALSE
	EndGlobalSection
	GlobalSection(ExtensibilityGlobals) = postSolution
		SolutionGuid = {0F8CC905-2EF1-4A03-98FE-AE8D70849A41}
	EndGlobalSection
EndGlobal
